// !$*UTF8*$!
{
	archiveVersion = 1;
	classes = {
	};
	objectVersion = 56;
	objects = {

/* Begin PBXBuildFile section */
		4536F71D29EC95600056DA4D /* AppDelegate.swift in Sources */ = {isa = PBXBuildFile; fileRef = 4536F71C29EC95600056DA4D /* AppDelegate.swift */; };
		4536F71F29EC95600056DA4D /* SceneDelegate.swift in Sources */ = {isa = PBXBuildFile; fileRef = 4536F71E29EC95600056DA4D /* SceneDelegate.swift */; };
		4536F72129EC95600056DA4D /* ViewController.swift in Sources */ = {isa = PBXBuildFile; fileRef = 4536F72029EC95600056DA4D /* ViewController.swift */; };
		4536F72429EC95600056DA4D /* Main.storyboard in Resources */ = {isa = PBXBuildFile; fileRef = 4536F72229EC95600056DA4D /* Main.storyboard */; };
		4536F72729EC95600056DA4D /* StadiumBook.xcdatamodeld in Sources */ = {isa = PBXBuildFile; fileRef = 4536F72529EC95600056DA4D /* StadiumBook.xcdatamodeld */; };
		4536F72929EC95610056DA4D /* Assets.xcassets in Resources */ = {isa = PBXBuildFile; fileRef = 4536F72829EC95610056DA4D /* Assets.xcassets */; };
		4536F72C29EC95610056DA4D /* LaunchScreen.storyboard in Resources */ = {isa = PBXBuildFile; fileRef = 4536F72A29EC95610056DA4D /* LaunchScreen.storyboard */; };
		4536F73429EC9B140056DA4D /* DetailsVC.swift in Sources */ = {isa = PBXBuildFile; fileRef = 4536F73329EC9B140056DA4D /* DetailsVC.swift */; };
		457043EE29ED752A003A144D /* select.png in Resources */ = {isa = PBXBuildFile; fileRef = 457043ED29ED752A003A144D /* select.png */; };
/* End PBXBuildFile section */

/* Begin PBXFileReference section */
		4536F71929EC95600056DA4D /* StadiumBook.app */ = {isa = PBXFileReference; explicitFileType = wrapper.application; includeInIndex = 0; path = StadiumBook.app; sourceTree = BUILT_PRODUCTS_DIR; };
		4536F71C29EC95600056DA4D /* AppDelegate.swift */ = {isa = PBXFileReference; lastKnownFileType = sourcecode.swift; path = AppDelegate.swift; sourceTree = "<group>"; };
		4536F71E29EC95600056DA4D /* SceneDelegate.swift */ = {isa = PBXFileReference; lastKnownFileType = sourcecode.swift; path = SceneDelegate.swift; sourceTree = "<group>"; };
		4536F72029EC95600056DA4D /* ViewController.swift */ = {isa = PBXFileReference; lastKnownFileType = sourcecode.swift; path = ViewController.swift; sourceTree = "<group>"; };
		4536F72329EC95600056DA4D /* Base */ = {isa = PBXFileReference; lastKnownFileType = file.storyboard; name = Base; path = Base.lproj/Main.storyboard; sourceTree = "<group>"; };
		4536F72629EC95600056DA4D /* StadiumBook.xcdatamodel */ = {isa = PBXFileReference; lastKnownFileType = wrapper.xcdatamodel; path = StadiumBook.xcdatamodel; sourceTree = "<group>"; };
		4536F72829EC95610056DA4D /* Assets.xcassets */ = {isa = PBXFileReference; lastKnownFileType = folder.assetcatalog; path = Assets.xcassets; sourceTree = "<group>"; };
		4536F72B29EC95610056DA4D /* Base */ = {isa = PBXFileReference; lastKnownFileType = file.storyboard; name = Base; path = Base.lproj/LaunchScreen.storyboard; sourceTree = "<group>"; };
		4536F72D29EC95610056DA4D /* Info.plist */ = {isa = PBXFileReference; lastKnownFileType = text.plist.xml; path = Info.plist; sourceTree = "<group>"; };
		4536F73329EC9B140056DA4D /* DetailsVC.swift */ = {isa = PBXFileReference; lastKnownFileType = sourcecode.swift; path = DetailsVC.swift; sourceTree = "<group>"; };
		457043ED29ED752A003A144D /* select.png */ = {isa = PBXFileReference; lastKnownFileType = image.png; name = select.png; path = ../../../../Downloads/select.png; sourceTree = "<group>"; };
/* End PBXFileReference section */

/* Begin PBXFrameworksBuildPhase section */
		4536F71629EC95600056DA4D /* Frameworks */ = {
			isa = PBXFrameworksBuildPhase;
			buildActionMask = 2147483647;
			files = (
			);
			runOnlyForDeploymentPostprocessing = 0;
		};
/* End PBXFrameworksBuildPhase section */

/* Begin PBXGroup section */
		4536F71029EC95600056DA4D = {
			isa = PBXGroup;
			children = (
				4536F71B29EC95600056DA4D /* StadiumBook */,
				4536F71A29EC95600056DA4D /* Products */,
			);
			sourceTree = "<group>";
		};
		4536F71A29EC95600056DA4D /* Products */ = {
			isa = PBXGroup;
			children = (
				4536F71929EC95600056DA4D /* StadiumBook.app */,
			);
			name = Products;
			sourceTree = "<group>";
		};
		4536F71B29EC95600056DA4D /* StadiumBook */ = {
			isa = PBXGroup;
			children = (
				457043ED29ED752A003A144D /* select.png */,
				4536F71C29EC95600056DA4D /* AppDelegate.swift */,
				4536F71E29EC95600056DA4D /* SceneDelegate.swift */,
				4536F72029EC95600056DA4D /* ViewController.swift */,
				4536F73329EC9B140056DA4D /* DetailsVC.swift */,
				4536F72229EC95600056DA4D /* Main.storyboard */,
				4536F72829EC95610056DA4D /* Assets.xcassets */,
				4536F72A29EC95610056DA4D /* LaunchScreen.storyboard */,
				4536F72D29EC95610056DA4D /* Info.plist */,
				4536F72529EC95600056DA4D /* StadiumBook.xcdatamodeld */,
			);
			path = StadiumBook;
			sourceTree = "<group>";
		};
/* End PBXGroup section */

/* Begin PBXNativeTarget section */
		4536F71829EC95600056DA4D /* StadiumBook */ = {
			isa = PBXNativeTarget;
			buildConfigurationList = 4536F73029EC95610056DA4D /* Build configuration list for PBXNativeTarget "StadiumBook" */;
			buildPhases = (
				4536F71529EC95600056DA4D /* Sources */,
				4536F71629EC95600056DA4D /* Frameworks */,
				4536F71729EC95600056DA4D /* Resources */,
			);
			buildRules = (
			);
			dependencies = (
			);
			name = StadiumBook;
			productName = StadiumBook;
			productReference = 4536F71929EC95600056DA4D /* StadiumBook.app */;
			productType = "com.apple.product-type.application";
		};
/* End PBXNativeTarget section */

/* Begin PBXProject section */
		4536F71129EC95600056DA4D /* Project object */ = {
			isa = PBXProject;
			attributes = {
				BuildIndependentTargetsInParallel = 1;
				LastSwiftUpdateCheck = 1430;
				LastUpgradeCheck = 1430;
				TargetAttributes = {
					4536F71829EC95600056DA4D = {
						CreatedOnToolsVersion = 14.3;
					};
				};
			};
			buildConfigurationList = 4536F71429EC95600056DA4D /* Build configuration list for PBXProject "StadiumBook" */;
			compatibilityVersion = "Xcode 14.0";
			developmentRegion = en;
			hasScannedForEncodings = 0;
			knownRegions = (
				en,
				Base,
			);
			mainGroup = 4536F71029EC95600056DA4D;
			productRefGroup = 4536F71A29EC95600056DA4D /* Products */;
			projectDirPath = "";
			projectRoot = "";
			targets = (
				4536F71829EC95600056DA4D /* StadiumBook */,
			);
		};
/* End PBXProject section */

/* Begin PBXResourcesBuildPhase section */
		4536F71729EC95600056DA4D /* Resources */ = {
			isa = PBXResourcesBuildPhase;
			buildActionMask = 2147483647;
			files = (
				4536F72C29EC95610056DA4D /* LaunchScreen.storyboard in Resources */,
				457043EE29ED752A003A144D /* select.png in Resources */,
				4536F72929EC95610056DA4D /* Assets.xcassets in Resources */,
				4536F72429EC95600056DA4D /* Main.storyboard in Resources */,
			);
			runOnlyForDeploymentPostprocessing = 0;
		};
/* End PBXResourcesBuildPhase section */

/* Begin PBXSourcesBuildPhase section */
		4536F71529EC95600056DA4D /* Sources */ = {
			isa = PBXSourcesBuildPhase;
			buildActionMask = 2147483647;
			files = (
				4536F72129EC95600056DA4D /* ViewController.swift in Sources */,
				4536F71D29EC95600056DA4D /* AppDelegate.swift in Sources */,
				4536F72729EC95600056DA4D /* StadiumBook.xcdatamodeld in Sources */,
				4536F71F29EC95600056DA4D /* SceneDelegate.swift in Sources */,
				4536F73429EC9B140056DA4D /* DetailsVC.swift in Sources */,
			);
			runOnlyForDeploymentPostprocessing = 0;
		};
/* End PBXSourcesBuildPhase section */

/* Begin PBXVariantGroup section */
		4536F72229EC95600056DA4D /* Main.storyboard */ = {
			isa = PBXVariantGroup;
			children = (
				4536F72329EC95600056DA4D /* Base */,
			);
			name = Main.storyboard;
			sourceTree = "<group>";
		};
		4536F72A29EC95610056DA4D /* LaunchScreen.storyboard */ = {
			isa = PBXVariantGroup;
			children = (
				4536F72B29EC95610056DA4D /* Base */,
			);
			name = LaunchScreen.storyboard;
			sourceTree = "<group>";
		};
/* End PBXVariantGroup section */

/* Begin XCBuildConfiguration section */
		4536F72E29EC95610056DA4D /* Debug */ = {
			isa = XCBuildConfiguration;
			buildSettings = {
				ALWAYS_SEARCH_USER_PATHS = NO;
				CLANG_ANALYZER_NONNULL = YES;
				CLANG_ANALYZER_NUMBER_OBJECT_CONVERSION = YES_AGGRESSIVE;
				CLANG_CXX_LANGUAGE_STANDARD = "gnu++20";
				CLANG_ENABLE_MODULES = YES;
				CLANG_ENABLE_OBJC_ARC = YES;
				CLANG_ENABLE_OBJC_WEAK = YES;
				CLANG_WARN_BLOCK_CAPTURE_AUTORELEASING = YES;
				CLANG_WARN_BOOL_CONVERSION = YES;
				CLANG_WARN_COMMA = YES;
				CLANG_WARN_CONSTANT_CONVERSION = YES;
				CLANG_WARN_DEPRECATED_OBJC_IMPLEMENTATIONS = YES;
				CLANG_WARN_DIRECT_OBJC_ISA_USAGE = YES_ERROR;
				CLANG_WARN_DOCUMENTATION_COMMENTS = YES;
				CLANG_WARN_EMPTY_BODY = YES;
				CLANG_WARN_ENUM_CONVERSION = YES;
				CLANG_WARN_INFINITE_RECURSION = YES;
				CLANG_WARN_INT_CONVERSION = YES;
				CLANG_WARN_NON_LITERAL_NULL_CONVERSION = YES;
				CLANG_WARN_OBJC_IMPLICIT_RETAIN_SELF = YES;
				CLANG_WARN_OBJC_LITERAL_CONVERSION = YES;
				CLANG_WARN_OBJC_ROOT_CLASS = YES_ERROR;
				CLANG_WARN_QUOTED_INCLUDE_IN_FRAMEWORK_HEADER = YES;
				CLANG_WARN_RANGE_LOOP_ANALYSIS = YES;
				CLANG_WARN_STRICT_PROTOTYPES = YES;
				CLANG_WARN_SUSPICIOUS_MOVE = YES;
				CLANG_WARN_UNGUARDED_AVAILABILITY = YES_AGGRESSIVE;
				CLANG_WARN_UNREACHABLE_CODE = YES;
				CLANG_WARN__DUPLICATE_METHOD_MATCH = YES;
				COPY_PHASE_STRIP = NO;
				DEBUG_INFORMATION_FORMAT = dwarf;
				ENABLE_STRICT_OBJC_MSGSEND = YES;
				ENABLE_TESTABILITY = YES;
				GCC_C_LANGUAGE_STANDARD = gnu11;
				GCC_DYNAMIC_NO_PIC = NO;
				GCC_NO_COMMON_BLOCKS = YES;
				GCC_OPTIMIZATION_LEVEL = 0;
				GCC_PREPROCESSOR_DEFINITIONS = (
					"DEBUG=1",
					"$(inherited)",
				);
				GCC_WARN_64_TO_32_BIT_CONVERSION = YES;
				GCC_WARN_ABOUT_RETURN_TYPE = YES_ERROR;
				GCC_WARN_UNDECLARED_SELECTOR = YES;
				GCC_WARN_UNINITIALIZED_AUTOS = YES_AGGRESSIVE;
				GCC_WARN_UNUSED_FUNCTION = YES;
				GCC_WARN_UNUSED_VARIABLE = YES;
				IPHONEOS_DEPLOYMENT_TARGET = 16.4;
				MTL_ENABLE_DEBUG_INFO = INCLUDE_SOURCE;
				MTL_FAST_MATH = YES;
				ONLY_ACTIVE_ARCH = YES;
				SDKROOT = iphoneos;
				SWIFT_ACTIVE_COMPILATION_CONDITIONS = DEBUG;
				SWIFT_OPTIMIZATION_LEVEL = "-Onone";
			};
			name = Debug;
		};
		4536F72F29EC95610056DA4D /* Release */ = {
			isa = XCBuildConfiguration;
			buildSettings = {
				ALWAYS_SEARCH_USER_PATHS = NO;
				CLANG_ANALYZER_NONNULL = YES;
				CLANG_ANALYZER_NUMBER_OBJECT_CONVERSION = YES_AGGRESSIVE;
				CLANG_CXX_LANGUAGE_STANDARD = "gnu++20";
				CLANG_ENABLE_MODULES = YES;
				CLANG_ENABLE_OBJC_ARC = YES;
				CLANG_ENABLE_OBJC_WEAK = YES;
				CLANG_WARN_BLOCK_CAPTURE_AUTORELEASING = YES;
				CLANG_WARN_BOOL_CONVERSION = YES;
				CLANG_WARN_COMMA = YES;
				CLANG_WARN_CONSTANT_CONVERSION = YES;
				CLANG_WARN_DEPRECATED_OBJC_IMPLEMENTATIONS = YES;
				CLANG_WARN_DIRECT_OBJC_ISA_USAGE = YES_ERROR;
				CLANG_WARN_DOCUMENTATION_COMMENTS = YES;
				CLANG_WARN_EMPTY_BODY = YES;
				CLANG_WARN_ENUM_CONVERSION = YES;
				CLANG_WARN_INFINITE_RECURSION = YES;
				CLANG_WARN_INT_CONVERSION = YES;
				CLANG_WARN_NON_LITERAL_NULL_CONVERSION = YES;
				CLANG_WARN_OBJC_IMPLICIT_RETAIN_SELF = YES;
				CLANG_WARN_OBJC_LITERAL_CONVERSION = YES;
				CLANG_WARN_OBJC_ROOT_CLASS = YES_ERROR;
				CLANG_WARN_QUOTED_INCLUDE_IN_FRAMEWORK_HEADER = YES;
				CLANG_WARN_RANGE_LOOP_ANALYSIS = YES;
				CLANG_WARN_STRICT_PROTOTYPES = YES;
				CLANG_WARN_SUSPICIOUS_MOVE = YES;
				CLANG_WARN_UNGUARDED_AVAILABILITY = YES_AGGRESSIVE;
				CLANG_WARN_UNREACHABLE_CODE = YES;
				CLANG_WARN__DUPLICATE_METHOD_MATCH = YES;
				COPY_PHASE_STRIP = NO;
				DEBUG_INFORMATION_FORMAT = "dwarf-with-dsym";
				ENABLE_NS_ASSERTIONS = NO;
				ENABLE_STRICT_OBJC_MSGSEND = YES;
				GCC_C_LANGUAGE_STANDARD = gnu11;
				GCC_NO_COMMON_BLOCKS = YES;
				GCC_WARN_64_TO_32_BIT_CONVERSION = YES;
				GCC_WARN_ABOUT_RETURN_TYPE = YES_ERROR;
				GCC_WARN_UNDECLARED_SELECTOR = YES;
				GCC_WARN_UNINITIALIZED_AUTOS = YES_AGGRESSIVE;
				GCC_WARN_UNUSED_FUNCTION = YES;
				GCC_WARN_UNUSED_VARIABLE = YES;
				IPHONEOS_DEPLOYMENT_TARGET = 16.4;
				MTL_ENABLE_DEBUG_INFO = NO;
				MTL_FAST_MATH = YES;
				SDKROOT = iphoneos;
				SWIFT_COMPILATION_MODE = wholemodule;
				SWIFT_OPTIMIZATION_LEVEL = "-O";
				VALIDATE_PRODUCT = YES;
			};
			name = Release;
		};
		4536F73129EC95610056DA4D /* Debug */ = {
			isa = XCBuildConfiguration;
			buildSettings = {
				ASSETCATALOG_COMPILER_APPICON_NAME = AppIcon;
				ASSETCATALOG_COMPILER_GLOBAL_ACCENT_COLOR_NAME = AccentColor;
				CODE_SIGN_STYLE = Automatic;
				CURRENT_PROJECT_VERSION = 1;
				DEVELOPMENT_TEAM = 6T3BXJ38KM;
				GENERATE_INFOPLIST_FILE = YES;
				INFOPLIST_FILE = StadiumBook/Info.plist;
				INFOPLIST_KEY_UIApplicationSupportsIndirectInputEvents = YES;
				INFOPLIST_KEY_UILaunchStoryboardName = LaunchScreen;
				INFOPLIST_KEY_UIMainStoryboardFile = Main;
				INFOPLIST_KEY_UISupportedInterfaceOrientations_iPad = "UIInterfaceOrientationPortrait UIInterfaceOrientationPortraitUpsideDown UIInterfaceOrientationLandscapeLeft UIInterfaceOrientationLandscapeRight";
				INFOPLIST_KEY_UISupportedInterfaceOrientations_iPhone = "UIInterfaceOrientationPortrait UIInterfaceOrientationLandscapeLeft UIInterfaceOrientationLandscapeRight";
				LD_RUNPATH_SEARCH_PATHS = (
					"$(inherited)",
					"@executable_path/Frameworks",
				);
				MARKETING_VERSION = 1.0;
				PRODUCT_BUNDLE_IDENTIFIER = com.dogukan.StadiumBook;
				PRODUCT_NAME = "$(TARGET_NAME)";
				SWIFT_EMIT_LOC_STRINGS = YES;
				SWIFT_VERSION = 5.0;
				TARGETED_DEVICE_FAMILY = "1,2";
			};
			name = Debug;
		};
		4536F73229EC95610056DA4D /* Release */ = {
			isa = XCBuildConfiguration;
			buildSettings = {
				ASSETCATALOG_COMPILER_APPICON_NAME = AppIcon;
				ASSETCATALOG_COMPILER_GLOBAL_ACCENT_COLOR_NAME = AccentColor;
				CODE_SIGN_STYLE = Automatic;
				CURRENT_PROJECT_VERSION = 1;
				DEVELOPMENT_TEAM = 6T3BXJ38KM;
				GENERATE_INFOPLIST_FILE = YES;
				INFOPLIST_FILE = StadiumBook/Info.plist;
				INFOPLIST_KEY_UIApplicationSupportsIndirectInputEvents = YES;
				INFOPLIST_KEY_UILaunchStoryboardName = LaunchScreen;
				INFOPLIST_KEY_UIMainStoryboardFile = Main;
				INFOPLIST_KEY_UISupportedInterfaceOrientations_iPad = "UIInterfaceOrientationPortrait UIInterfaceOrientationPortraitUpsideDown UIInterfaceOrientationLandscapeLeft UIInterfaceOrientationLandscapeRight";
				INFOPLIST_KEY_UISupportedInterfaceOrientations_iPhone = "UIInterfaceOrientationPortrait UIInterfaceOrientationLandscapeLeft UIInterfaceOrientationLandscapeRight";
				LD_RUNPATH_SEARCH_PATHS = (
					"$(inherited)",
					"@executable_path/Frameworks",
				);
				MARKETING_VERSION = 1.0;
				PRODUCT_BUNDLE_IDENTIFIER = com.dogukan.StadiumBook;
				PRODUCT_NAME = "$(TARGET_NAME)";
				SWIFT_EMIT_LOC_STRINGS = YES;
				SWIFT_VERSION = 5.0;
				TARGETED_DEVICE_FAMILY = "1,2";
			};
			name = Release;
		};
/* End XCBuildConfiguration section */

/* Begin XCConfigurationList section */
		4536F71429EC95600056DA4D /* Build configuration list for PBXProject "StadiumBook" */ = {
			isa = XCConfigurationList;
			buildConfigurations = (
				4536F72E29EC95610056DA4D /* Debug */,
				4536F72F29EC95610056DA4D /* Release */,
			);
			defaultConfigurationIsVisible = 0;
			defaultConfigurationName = Release;
		};
		4536F73029EC95610056DA4D /* Build configuration list for PBXNativeTarget "StadiumBook" */ = {
			isa = XCConfigurationList;
			buildConfigurations = (
				4536F73129EC95610056DA4D /* Debug */,
				4536F73229EC95610056DA4D /* Release */,
			);
			defaultConfigurationIsVisible = 0;
			defaultConfigurationName = Release;
		};
/* End XCConfigurationList section */

/* Begin XCVersionGroup section */
		4536F72529EC95600056DA4D /* StadiumBook.xcdatamodeld */ = {
			isa = XCVersionGroup;
			children = (
				4536F72629EC95600056DA4D /* StadiumBook.xcdatamodel */,
			);
			currentVersion = 4536F72629EC95600056DA4D /* StadiumBook.xcdatamodel */;
			path = StadiumBook.xcdatamodeld;
			sourceTree = "<group>";
			versionGroupType = wrapper.xcdatamodel;
		};
/* End XCVersionGroup section */
	};
	rootObject = 4536F71129EC95600056DA4D /* Project object */;
}
